// !$*UTF8*$!
{
	archiveVersion = 1;
	classes = {
	};
	objectVersion = 51;
	objects = {

/* Begin PBXBuildFile section */
		4E1551BFA942AF99B1983E95 /* Pods_Messenger.framework in Frameworks */ = {isa = PBXBuildFile; fileRef = 1532C2CB8E5881C8D73E1AF7 /* Pods_Messenger.framework */; };
		CB34A0592372155E007E8659 /* UserListVC.swift in Sources */ = {isa = PBXBuildFile; fileRef = CB34A0582372155E007E8659 /* UserListVC.swift */; };
		CB34A05B23721BCE007E8659 /* UserInformation + CurrentInformation.swift in Sources */ = {isa = PBXBuildFile; fileRef = CB34A05A23721BCE007E8659 /* UserInformation + CurrentInformation.swift */; };
		CB34A05E237231BE007E8659 /* SignUpAddImageVC.swift in Sources */ = {isa = PBXBuildFile; fileRef = CB34A05D237231BE007E8659 /* SignUpAddImageVC.swift */; };
		CB34A06023725BE6007E8659 /* UserListCell.swift in Sources */ = {isa = PBXBuildFile; fileRef = CB34A05F23725BE6007E8659 /* UserListCell.swift */; };
		CB5BD4F72370936B00944E79 /* ChatsVC.swift in Sources */ = {isa = PBXBuildFile; fileRef = CB5BD4F62370936B00944E79 /* ChatsVC.swift */; };
		CB5BD4F92370939500944E79 /* SettingsVC.swift in Sources */ = {isa = PBXBuildFile; fileRef = CB5BD4F82370939500944E79 /* SettingsVC.swift */; };
		CB5BD4FB237093A100944E79 /* ContactsVC.swift in Sources */ = {isa = PBXBuildFile; fileRef = CB5BD4FA237093A100944E79 /* ContactsVC.swift */; };
		CB5BD4FD2370A05100944E79 /* ControllersTabBarVC.swift in Sources */ = {isa = PBXBuildFile; fileRef = CB5BD4FC2370A05100944E79 /* ControllersTabBarVC.swift */; };
		CB5BD4FF2370C58D00944E79 /* ImageVC.swift in Sources */ = {isa = PBXBuildFile; fileRef = CB5BD4FE2370C58D00944E79 /* ImageVC.swift */; };
		CB5BD5022370CF2C00944E79 /* UserInfoTableViewCell.swift in Sources */ = {isa = PBXBuildFile; fileRef = CB5BD5012370CF2C00944E79 /* UserInfoTableViewCell.swift */; };
		CB74C8612373464C00E4AF94 /* Message.swift in Sources */ = {isa = PBXBuildFile; fileRef = CB74C8602373464C00E4AF94 /* Message.swift */; };
		CB74C863237347ED00E4AF94 /* MessagesVC.swift in Sources */ = {isa = PBXBuildFile; fileRef = CB74C862237347ED00E4AF94 /* MessagesVC.swift */; };
		CB74C868237363BF00E4AF94 /* MessagesCell.swift in Sources */ = {isa = PBXBuildFile; fileRef = CB74C866237363BF00E4AF94 /* MessagesCell.swift */; };
		CB74C869237363BF00E4AF94 /* MessagesCell.xib in Resources */ = {isa = PBXBuildFile; fileRef = CB74C867237363BF00E4AF94 /* MessagesCell.xib */; };
		CB74C86B2373AAC100E4AF94 /* Friends.swift in Sources */ = {isa = PBXBuildFile; fileRef = CB74C86A2373AAC100E4AF94 /* Friends.swift */; };
		CB74C86D2373AB4200E4AF94 /* AddNewFriendVC.swift in Sources */ = {isa = PBXBuildFile; fileRef = CB74C86C2373AB4200E4AF94 /* AddNewFriendVC.swift */; };
		CB7898F12371075E00E5D44D /* Settings.storyboard in Resources */ = {isa = PBXBuildFile; fileRef = CB7898F02371075E00E5D44D /* Settings.storyboard */; };
		CB7898F323710BB000E5D44D /* Contacts.storyboard in Resources */ = {isa = PBXBuildFile; fileRef = CB7898F223710BB000E5D44D /* Contacts.storyboard */; };
		CB7898F523710BBD00E5D44D /* Chats.storyboard in Resources */ = {isa = PBXBuildFile; fileRef = CB7898F423710BBD00E5D44D /* Chats.storyboard */; };
		CBC4C5E82374C7A400BCB8F6 /* ContactsCell.swift in Sources */ = {isa = PBXBuildFile; fileRef = CBC4C5E72374C7A400BCB8F6 /* ContactsCell.swift */; };
		CBC4C5EA2374D58400BCB8F6 /* ChatCell.swift in Sources */ = {isa = PBXBuildFile; fileRef = CBC4C5E92374D58400BCB8F6 /* ChatCell.swift */; };
		CBCEE915236F4345009E77B4 /* SignUpVC.swift in Sources */ = {isa = PBXBuildFile; fileRef = CBCEE914236F4345009E77B4 /* SignUpVC.swift */; };
		CBD5ECD2236E5C2200D24116 /* AppDelegate.swift in Sources */ = {isa = PBXBuildFile; fileRef = CBD5ECD1236E5C2200D24116 /* AppDelegate.swift */; };
		CBD5ECD4236E5C2200D24116 /* SceneDelegate.swift in Sources */ = {isa = PBXBuildFile; fileRef = CBD5ECD3236E5C2200D24116 /* SceneDelegate.swift */; };
		CBD5ECD6236E5C2200D24116 /* SignInVC.swift in Sources */ = {isa = PBXBuildFile; fileRef = CBD5ECD5236E5C2200D24116 /* SignInVC.swift */; };
		CBD5ECD9236E5C2200D24116 /* Main.storyboard in Resources */ = {isa = PBXBuildFile; fileRef = CBD5ECD7236E5C2200D24116 /* Main.storyboard */; };
		CBD5ECDB236E5C2300D24116 /* Assets.xcassets in Resources */ = {isa = PBXBuildFile; fileRef = CBD5ECDA236E5C2300D24116 /* Assets.xcassets */; };
		CBD5ECDE236E5C2300D24116 /* LaunchScreen.storyboard in Resources */ = {isa = PBXBuildFile; fileRef = CBD5ECDC236E5C2300D24116 /* LaunchScreen.storyboard */; };
		CBD5ECEA236E5D8300D24116 /* TextfieldVC.swift in Sources */ = {isa = PBXBuildFile; fileRef = CBD5ECE9236E5D8300D24116 /* TextfieldVC.swift */; };
		CBD5ECEC236E5E1100D24116 /* ButtonVC.swift in Sources */ = {isa = PBXBuildFile; fileRef = CBD5ECEB236E5E1100D24116 /* ButtonVC.swift */; };
		CBD5ECEE236E5E4600D24116 /* BackgroundVC.swift in Sources */ = {isa = PBXBuildFile; fileRef = CBD5ECED236E5E4600D24116 /* BackgroundVC.swift */; };
		CBE52225236F64CC00AEC790 /* GoogleService-Info.plist in Resources */ = {isa = PBXBuildFile; fileRef = CBE52224236F64CC00AEC790 /* GoogleService-Info.plist */; };
		CBE5222D236F783600AEC790 /* Helpers.swift in Sources */ = {isa = PBXBuildFile; fileRef = CBE5222C236F783600AEC790 /* Helpers.swift */; };
		CBE5222F236F82B300AEC790 /* Constants.swift in Sources */ = {isa = PBXBuildFile; fileRef = CBE5222E236F82B300AEC790 /* Constants.swift */; };
/* End PBXBuildFile section */

/* Begin PBXFileReference section */
		041670A7C2C138598A21749C /* Pods-Messenger.release.xcconfig */ = {isa = PBXFileReference; includeInIndex = 1; lastKnownFileType = text.xcconfig; name = "Pods-Messenger.release.xcconfig"; path = "Target Support Files/Pods-Messenger/Pods-Messenger.release.xcconfig"; sourceTree = "<group>"; };
		1532C2CB8E5881C8D73E1AF7 /* Pods_Messenger.framework */ = {isa = PBXFileReference; explicitFileType = wrapper.framework; includeInIndex = 0; path = Pods_Messenger.framework; sourceTree = BUILT_PRODUCTS_DIR; };
		8C884FD4336E37FFAD963EC1 /* Pods-Messenger.debug.xcconfig */ = {isa = PBXFileReference; includeInIndex = 1; lastKnownFileType = text.xcconfig; name = "Pods-Messenger.debug.xcconfig"; path = "Target Support Files/Pods-Messenger/Pods-Messenger.debug.xcconfig"; sourceTree = "<group>"; };
		CB34A0582372155E007E8659 /* UserListVC.swift */ = {isa = PBXFileReference; lastKnownFileType = sourcecode.swift; path = UserListVC.swift; sourceTree = "<group>"; };
		CB34A05A23721BCE007E8659 /* UserInformation + CurrentInformation.swift */ = {isa = PBXFileReference; lastKnownFileType = sourcecode.swift; path = "UserInformation + CurrentInformation.swift"; sourceTree = "<group>"; };
		CB34A05D237231BE007E8659 /* SignUpAddImageVC.swift */ = {isa = PBXFileReference; lastKnownFileType = sourcecode.swift; path = SignUpAddImageVC.swift; sourceTree = "<group>"; };
		CB34A05F23725BE6007E8659 /* UserListCell.swift */ = {isa = PBXFileReference; lastKnownFileType = sourcecode.swift; path = UserListCell.swift; sourceTree = "<group>"; };
		CB5BD4F62370936B00944E79 /* ChatsVC.swift */ = {isa = PBXFileReference; lastKnownFileType = sourcecode.swift; path = ChatsVC.swift; sourceTree = "<group>"; };
		CB5BD4F82370939500944E79 /* SettingsVC.swift */ = {isa = PBXFileReference; lastKnownFileType = sourcecode.swift; path = SettingsVC.swift; sourceTree = "<group>"; };
		CB5BD4FA237093A100944E79 /* ContactsVC.swift */ = {isa = PBXFileReference; lastKnownFileType = sourcecode.swift; path = ContactsVC.swift; sourceTree = "<group>"; };
		CB5BD4FC2370A05100944E79 /* ControllersTabBarVC.swift */ = {isa = PBXFileReference; lastKnownFileType = sourcecode.swift; path = ControllersTabBarVC.swift; sourceTree = "<group>"; };
		CB5BD4FE2370C58D00944E79 /* ImageVC.swift */ = {isa = PBXFileReference; lastKnownFileType = sourcecode.swift; path = ImageVC.swift; sourceTree = "<group>"; };
		CB5BD5012370CF2C00944E79 /* UserInfoTableViewCell.swift */ = {isa = PBXFileReference; lastKnownFileType = sourcecode.swift; path = UserInfoTableViewCell.swift; sourceTree = "<group>"; };
		CB74C8602373464C00E4AF94 /* Message.swift */ = {isa = PBXFileReference; lastKnownFileType = sourcecode.swift; path = Message.swift; sourceTree = "<group>"; };
		CB74C862237347ED00E4AF94 /* MessagesVC.swift */ = {isa = PBXFileReference; lastKnownFileType = sourcecode.swift; path = MessagesVC.swift; sourceTree = "<group>"; };
		CB74C866237363BF00E4AF94 /* MessagesCell.swift */ = {isa = PBXFileReference; lastKnownFileType = sourcecode.swift; path = MessagesCell.swift; sourceTree = "<group>"; };
		CB74C867237363BF00E4AF94 /* MessagesCell.xib */ = {isa = PBXFileReference; lastKnownFileType = file.xib; path = MessagesCell.xib; sourceTree = "<group>"; };
		CB74C86A2373AAC100E4AF94 /* Friends.swift */ = {isa = PBXFileReference; lastKnownFileType = sourcecode.swift; path = Friends.swift; sourceTree = "<group>"; };
		CB74C86C2373AB4200E4AF94 /* AddNewFriendVC.swift */ = {isa = PBXFileReference; lastKnownFileType = sourcecode.swift; path = AddNewFriendVC.swift; sourceTree = "<group>"; };
		CB7898F02371075E00E5D44D /* Settings.storyboard */ = {isa = PBXFileReference; lastKnownFileType = file.storyboard; path = Settings.storyboard; sourceTree = "<group>"; };
		CB7898F223710BB000E5D44D /* Contacts.storyboard */ = {isa = PBXFileReference; lastKnownFileType = file.storyboard; path = Contacts.storyboard; sourceTree = "<group>"; };
		CB7898F423710BBD00E5D44D /* Chats.storyboard */ = {isa = PBXFileReference; lastKnownFileType = file.storyboard; path = Chats.storyboard; sourceTree = "<group>"; };
		CBC4C5E72374C7A400BCB8F6 /* ContactsCell.swift */ = {isa = PBXFileReference; lastKnownFileType = sourcecode.swift; path = ContactsCell.swift; sourceTree = "<group>"; };
		CBC4C5E92374D58400BCB8F6 /* ChatCell.swift */ = {isa = PBXFileReference; lastKnownFileType = sourcecode.swift; path = ChatCell.swift; sourceTree = "<group>"; };
		CBCEE914236F4345009E77B4 /* SignUpVC.swift */ = {isa = PBXFileReference; lastKnownFileType = sourcecode.swift; path = SignUpVC.swift; sourceTree = "<group>"; };
		CBD5ECCE236E5C2200D24116 /* Messenger.app */ = {isa = PBXFileReference; explicitFileType = wrapper.application; includeInIndex = 0; path = Messenger.app; sourceTree = BUILT_PRODUCTS_DIR; };
		CBD5ECD1236E5C2200D24116 /* AppDelegate.swift */ = {isa = PBXFileReference; lastKnownFileType = sourcecode.swift; path = AppDelegate.swift; sourceTree = "<group>"; };
		CBD5ECD3236E5C2200D24116 /* SceneDelegate.swift */ = {isa = PBXFileReference; lastKnownFileType = sourcecode.swift; path = SceneDelegate.swift; sourceTree = "<group>"; };
		CBD5ECD5236E5C2200D24116 /* SignInVC.swift */ = {isa = PBXFileReference; lastKnownFileType = sourcecode.swift; path = SignInVC.swift; sourceTree = "<group>"; };
		CBD5ECD8236E5C2200D24116 /* Base */ = {isa = PBXFileReference; lastKnownFileType = file.storyboard; name = Base; path = Base.lproj/Main.storyboard; sourceTree = "<group>"; };
		CBD5ECDA236E5C2300D24116 /* Assets.xcassets */ = {isa = PBXFileReference; lastKnownFileType = folder.assetcatalog; path = Assets.xcassets; sourceTree = "<group>"; };
		CBD5ECDD236E5C2300D24116 /* Base */ = {isa = PBXFileReference; lastKnownFileType = file.storyboard; name = Base; path = Base.lproj/LaunchScreen.storyboard; sourceTree = "<group>"; };
		CBD5ECDF236E5C2300D24116 /* Info.plist */ = {isa = PBXFileReference; lastKnownFileType = text.plist.xml; path = Info.plist; sourceTree = "<group>"; };
		CBD5ECE9236E5D8300D24116 /* TextfieldVC.swift */ = {isa = PBXFileReference; lastKnownFileType = sourcecode.swift; path = TextfieldVC.swift; sourceTree = "<group>"; };
		CBD5ECEB236E5E1100D24116 /* ButtonVC.swift */ = {isa = PBXFileReference; lastKnownFileType = sourcecode.swift; path = ButtonVC.swift; sourceTree = "<group>"; };
		CBD5ECED236E5E4600D24116 /* BackgroundVC.swift */ = {isa = PBXFileReference; lastKnownFileType = sourcecode.swift; path = BackgroundVC.swift; sourceTree = "<group>"; };
		CBE52224236F64CC00AEC790 /* GoogleService-Info.plist */ = {isa = PBXFileReference; fileEncoding = 4; lastKnownFileType = text.plist.xml; path = "GoogleService-Info.plist"; sourceTree = "<group>"; };
		CBE5222C236F783600AEC790 /* Helpers.swift */ = {isa = PBXFileReference; lastKnownFileType = sourcecode.swift; path = Helpers.swift; sourceTree = "<group>"; };
		CBE5222E236F82B300AEC790 /* Constants.swift */ = {isa = PBXFileReference; lastKnownFileType = sourcecode.swift; path = Constants.swift; sourceTree = "<group>"; };
/* End PBXFileReference section */

/* Begin PBXFrameworksBuildPhase section */
		CBD5ECCB236E5C2200D24116 /* Frameworks */ = {
			isa = PBXFrameworksBuildPhase;
			buildActionMask = 2147483647;
			files = (
				4E1551BFA942AF99B1983E95 /* Pods_Messenger.framework in Frameworks */,
			);
			runOnlyForDeploymentPostprocessing = 0;
		};
/* End PBXFrameworksBuildPhase section */

/* Begin PBXGroup section */
		23277DFF808C1474910B515F /* Frameworks */ = {
			isa = PBXGroup;
			children = (
				1532C2CB8E5881C8D73E1AF7 /* Pods_Messenger.framework */,
			);
			name = Frameworks;
			sourceTree = "<group>";
		};
		2A25B39603504A2916D35A20 /* Pods */ = {
			isa = PBXGroup;
			children = (
				8C884FD4336E37FFAD963EC1 /* Pods-Messenger.debug.xcconfig */,
				041670A7C2C138598A21749C /* Pods-Messenger.release.xcconfig */,
			);
			path = Pods;
			sourceTree = "<group>";
		};
		CB34A05C23722760007E8659 /* LoginVC */ = {
			isa = PBXGroup;
			children = (
				CBD5ECD5236E5C2200D24116 /* SignInVC.swift */,
				CBCEE914236F4345009E77B4 /* SignUpVC.swift */,
				CB34A05D237231BE007E8659 /* SignUpAddImageVC.swift */,
			);
			path = LoginVC;
			sourceTree = "<group>";
		};
		CB5BD5002370CF0600944E79 /* Settings */ = {
			isa = PBXGroup;
			children = (
				CB5BD4F82370939500944E79 /* SettingsVC.swift */,
				CB5BD5012370CF2C00944E79 /* UserInfoTableViewCell.swift */,
			);
			path = Settings;
			sourceTree = "<group>";
		};
		CB5BD5042370CF4E00944E79 /* Contacts */ = {
			isa = PBXGroup;
			children = (
				CB5BD4FA237093A100944E79 /* ContactsVC.swift */,
				CBC4C5E72374C7A400BCB8F6 /* ContactsCell.swift */,
				CB34A0582372155E007E8659 /* UserListVC.swift */,
				CB34A05F23725BE6007E8659 /* UserListCell.swift */,
				CB74C86C2373AB4200E4AF94 /* AddNewFriendVC.swift */,
			);
			path = Contacts;
			sourceTree = "<group>";
		};
		CB5BD5052370CF6D00944E79 /* Chats */ = {
			isa = PBXGroup;
			children = (
				CB5BD4F62370936B00944E79 /* ChatsVC.swift */,
				CBC4C5E92374D58400BCB8F6 /* ChatCell.swift */,
				CB74C862237347ED00E4AF94 /* MessagesVC.swift */,
				CB74C866237363BF00E4AF94 /* MessagesCell.swift */,
				CB74C867237363BF00E4AF94 /* MessagesCell.xib */,
			);
			path = Chats;
			sourceTree = "<group>";
		};
		CB5BD506237106E100944E79 /* Storyboards */ = {
			isa = PBXGroup;
			children = (
				CBD5ECD7236E5C2200D24116 /* Main.storyboard */,
				CB7898F223710BB000E5D44D /* Contacts.storyboard */,
				CB7898F423710BBD00E5D44D /* Chats.storyboard */,
				CB7898F02371075E00E5D44D /* Settings.storyboard */,
				CBD5ECDC236E5C2300D24116 /* LaunchScreen.storyboard */,
			);
			path = Storyboards;
			sourceTree = "<group>";
		};
		CBD5ECC5236E5C2200D24116 = {
			isa = PBXGroup;
			children = (
				CBD5ECD0236E5C2200D24116 /* Messenger */,
				CBD5ECCF236E5C2200D24116 /* Products */,
				2A25B39603504A2916D35A20 /* Pods */,
				23277DFF808C1474910B515F /* Frameworks */,
			);
			sourceTree = "<group>";
		};
		CBD5ECCF236E5C2200D24116 /* Products */ = {
			isa = PBXGroup;
			children = (
				CBD5ECCE236E5C2200D24116 /* Messenger.app */,
			);
			name = Products;
			sourceTree = "<group>";
		};
		CBD5ECD0236E5C2200D24116 /* Messenger */ = {
			isa = PBXGroup;
			children = (
				CBE52224236F64CC00AEC790 /* GoogleService-Info.plist */,
				CBD5ECD1236E5C2200D24116 /* AppDelegate.swift */,
				CBD5ECD3236E5C2200D24116 /* SceneDelegate.swift */,
				CBD5ECDF236E5C2300D24116 /* Info.plist */,
				CBE52228236F6B9900AEC790 /* Model */,
				CBD5ECE6236E5D4E00D24116 /* Assets */,
				CBD5ECE5236E5D4100D24116 /* Controllers */,
			);
			path = Messenger;
			sourceTree = "<group>";
		};
		CBD5ECE5236E5D4100D24116 /* Controllers */ = {
			isa = PBXGroup;
			children = (
				CB34A05C23722760007E8659 /* LoginVC */,
				CB5BD5052370CF6D00944E79 /* Chats */,
				CB5BD5042370CF4E00944E79 /* Contacts */,
				CB5BD5002370CF0600944E79 /* Settings */,
				CB5BD4FC2370A05100944E79 /* ControllersTabBarVC.swift */,
			);
			path = Controllers;
			sourceTree = "<group>";
		};
		CBD5ECE6236E5D4E00D24116 /* Assets */ = {
			isa = PBXGroup;
			children = (
				CB5BD506237106E100944E79 /* Storyboards */,
				CBD5ECE8236E5D7400D24116 /* Helper Recources */,
				CBD5ECDA236E5C2300D24116 /* Assets.xcassets */,
			);
			path = Assets;
			sourceTree = "<group>";
		};
		CBD5ECE8236E5D7400D24116 /* Helper Recources */ = {
			isa = PBXGroup;
			children = (
				CBD5ECE9236E5D8300D24116 /* TextfieldVC.swift */,
				CBD5ECEB236E5E1100D24116 /* ButtonVC.swift */,
				CBD5ECED236E5E4600D24116 /* BackgroundVC.swift */,
				CB5BD4FE2370C58D00944E79 /* ImageVC.swift */,
			);
			path = "Helper Recources";
			sourceTree = "<group>";
		};
		CBE52228236F6B9900AEC790 /* Model */ = {
			isa = PBXGroup;
			children = (
				CBE5222B236F782B00AEC790 /* Helpers */,
				CBE5222E236F82B300AEC790 /* Constants.swift */,
				CB34A05A23721BCE007E8659 /* UserInformation + CurrentInformation.swift */,
				CB74C8602373464C00E4AF94 /* Message.swift */,
				CB74C86A2373AAC100E4AF94 /* Friends.swift */,
			);
			path = Model;
			sourceTree = "<group>";
		};
		CBE5222B236F782B00AEC790 /* Helpers */ = {
			isa = PBXGroup;
			children = (
				CBE5222C236F783600AEC790 /* Helpers.swift */,
			);
			path = Helpers;
			sourceTree = "<group>";
		};
/* End PBXGroup section */

/* Begin PBXNativeTarget section */
		CBD5ECCD236E5C2200D24116 /* Messenger */ = {
			isa = PBXNativeTarget;
			buildConfigurationList = CBD5ECE2236E5C2300D24116 /* Build configuration list for PBXNativeTarget "Messenger" */;
			buildPhases = (
				77D7217E1234F7A3C74F469D /* [CP] Check Pods Manifest.lock */,
				CBD5ECCA236E5C2200D24116 /* Sources */,
				CBD5ECCB236E5C2200D24116 /* Frameworks */,
				CBD5ECCC236E5C2200D24116 /* Resources */,
				AFFD5561069FEF8935246F03 /* [CP] Embed Pods Frameworks */,
			);
			buildRules = (
			);
			dependencies = (
			);
			name = Messenger;
			productName = Messenger;
			productReference = CBD5ECCE236E5C2200D24116 /* Messenger.app */;
			productType = "com.apple.product-type.application";
		};
/* End PBXNativeTarget section */

/* Begin PBXProject section */
		CBD5ECC6236E5C2200D24116 /* Project object */ = {
			isa = PBXProject;
			attributes = {
				LastSwiftUpdateCheck = 1110;
				LastUpgradeCheck = 1110;
				ORGANIZATIONNAME = PALIY;
				TargetAttributes = {
					CBD5ECCD236E5C2200D24116 = {
						CreatedOnToolsVersion = 11.1;
					};
				};
			};
			buildConfigurationList = CBD5ECC9236E5C2200D24116 /* Build configuration list for PBXProject "Messenger" */;
			compatibilityVersion = "Xcode 9.3";
			developmentRegion = en;
			hasScannedForEncodings = 0;
			knownRegions = (
				en,
				Base,
			);
			mainGroup = CBD5ECC5236E5C2200D24116;
			productRefGroup = CBD5ECCF236E5C2200D24116 /* Products */;
			projectDirPath = "";
			projectRoot = "";
			targets = (
				CBD5ECCD236E5C2200D24116 /* Messenger */,
			);
		};
/* End PBXProject section */

/* Begin PBXResourcesBuildPhase section */
		CBD5ECCC236E5C2200D24116 /* Resources */ = {
			isa = PBXResourcesBuildPhase;
			buildActionMask = 2147483647;
			files = (
				CBD5ECDE236E5C2300D24116 /* LaunchScreen.storyboard in Resources */,
				CB74C869237363BF00E4AF94 /* MessagesCell.xib in Resources */,
				CBD5ECDB236E5C2300D24116 /* Assets.xcassets in Resources */,
				CBE52225236F64CC00AEC790 /* GoogleService-Info.plist in Resources */,
				CB7898F323710BB000E5D44D /* Contacts.storyboard in Resources */,
				CB7898F523710BBD00E5D44D /* Chats.storyboard in Resources */,
				CBD5ECD9236E5C2200D24116 /* Main.storyboard in Resources */,
				CB7898F12371075E00E5D44D /* Settings.storyboard in Resources */,
			);
			runOnlyForDeploymentPostprocessing = 0;
		};
/* End PBXResourcesBuildPhase section */

/* Begin PBXShellScriptBuildPhase section */
		77D7217E1234F7A3C74F469D /* [CP] Check Pods Manifest.lock */ = {
			isa = PBXShellScriptBuildPhase;
			buildActionMask = 2147483647;
			files = (
			);
			inputFileListPaths = (
			);
			inputPaths = (
				"${PODS_PODFILE_DIR_PATH}/Podfile.lock",
				"${PODS_ROOT}/Manifest.lock",
			);
			name = "[CP] Check Pods Manifest.lock";
			outputFileListPaths = (
			);
			outputPaths = (
				"$(DERIVED_FILE_DIR)/Pods-Messenger-checkManifestLockResult.txt",
			);
			runOnlyForDeploymentPostprocessing = 0;
			shellPath = /bin/sh;
			shellScript = "diff \"${PODS_PODFILE_DIR_PATH}/Podfile.lock\" \"${PODS_ROOT}/Manifest.lock\" > /dev/null\nif [ $? != 0 ] ; then\n    # print error to STDERR\n    echo \"error: The sandbox is not in sync with the Podfile.lock. Run 'pod install' or update your CocoaPods installation.\" >&2\n    exit 1\nfi\n# This output is used by Xcode 'outputs' to avoid re-running this script phase.\necho \"SUCCESS\" > \"${SCRIPT_OUTPUT_FILE_0}\"\n";
			showEnvVarsInLog = 0;
		};
		AFFD5561069FEF8935246F03 /* [CP] Embed Pods Frameworks */ = {
			isa = PBXShellScriptBuildPhase;
			buildActionMask = 2147483647;
			files = (
			);
			inputFileListPaths = (
				"${PODS_ROOT}/Target Support Files/Pods-Messenger/Pods-Messenger-frameworks-${CONFIGURATION}-input-files.xcfilelist",
			);
			name = "[CP] Embed Pods Frameworks";
			outputFileListPaths = (
				"${PODS_ROOT}/Target Support Files/Pods-Messenger/Pods-Messenger-frameworks-${CONFIGURATION}-output-files.xcfilelist",
			);
			runOnlyForDeploymentPostprocessing = 0;
			shellPath = /bin/sh;
			shellScript = "\"${PODS_ROOT}/Target Support Files/Pods-Messenger/Pods-Messenger-frameworks.sh\"\n";
			showEnvVarsInLog = 0;
		};
/* End PBXShellScriptBuildPhase section */

/* Begin PBXSourcesBuildPhase section */
		CBD5ECCA236E5C2200D24116 /* Sources */ = {
			isa = PBXSourcesBuildPhase;
			buildActionMask = 2147483647;
			files = (
				CB5BD4F92370939500944E79 /* SettingsVC.swift in Sources */,
				CB5BD4F72370936B00944E79 /* ChatsVC.swift in Sources */,
				CB74C86B2373AAC100E4AF94 /* Friends.swift in Sources */,
				CB74C86D2373AB4200E4AF94 /* AddNewFriendVC.swift in Sources */,
				CB5BD4FF2370C58D00944E79 /* ImageVC.swift in Sources */,
				CBE5222F236F82B300AEC790 /* Constants.swift in Sources */,
				CB34A05E237231BE007E8659 /* SignUpAddImageVC.swift in Sources */,
				CBC4C5E82374C7A400BCB8F6 /* ContactsCell.swift in Sources */,
				CB34A06023725BE6007E8659 /* UserListCell.swift in Sources */,
				CB74C863237347ED00E4AF94 /* MessagesVC.swift in Sources */,
				CB74C868237363BF00E4AF94 /* MessagesCell.swift in Sources */,
				CBCEE915236F4345009E77B4 /* SignUpVC.swift in Sources */,
				CBE5222D236F783600AEC790 /* Helpers.swift in Sources */,
				CBD5ECD6236E5C2200D24116 /* SignInVC.swift in Sources */,
				CBD5ECD2236E5C2200D24116 /* AppDelegate.swift in Sources */,
				CB34A0592372155E007E8659 /* UserListVC.swift in Sources */,
				CBD5ECEA236E5D8300D24116 /* TextfieldVC.swift in Sources */,
				CBD5ECEC236E5E1100D24116 /* ButtonVC.swift in Sources */,
				CB5BD5022370CF2C00944E79 /* UserInfoTableViewCell.swift in Sources */,
				CBD5ECEE236E5E4600D24116 /* BackgroundVC.swift in Sources */,
				CB34A05B23721BCE007E8659 /* UserInformation + CurrentInformation.swift in Sources */,
				CB5BD4FD2370A05100944E79 /* ControllersTabBarVC.swift in Sources */,
				CB74C8612373464C00E4AF94 /* Message.swift in Sources */,
				CBC4C5EA2374D58400BCB8F6 /* ChatCell.swift in Sources */,
				CBD5ECD4236E5C2200D24116 /* SceneDelegate.swift in Sources */,
				CB5BD4FB237093A100944E79 /* ContactsVC.swift in Sources */,
			);
			runOnlyForDeploymentPostprocessing = 0;
		};
/* End PBXSourcesBuildPhase section */

/* Begin PBXVariantGroup section */
		CBD5ECD7236E5C2200D24116 /* Main.storyboard */ = {
			isa = PBXVariantGroup;
			children = (
				CBD5ECD8236E5C2200D24116 /* Base */,
			);
			name = Main.storyboard;
			sourceTree = "<group>";
		};
		CBD5ECDC236E5C2300D24116 /* LaunchScreen.storyboard */ = {
			isa = PBXVariantGroup;
			children = (
				CBD5ECDD236E5C2300D24116 /* Base */,
			);
			name = LaunchScreen.storyboard;
			sourceTree = "<group>";
		};
/* End PBXVariantGroup section */

/* Begin XCBuildConfiguration section */
		CBD5ECE0236E5C2300D24116 /* Debug */ = {
			isa = XCBuildConfiguration;
			buildSettings = {
				ALWAYS_SEARCH_USER_PATHS = NO;
				CLANG_ANALYZER_NONNULL = YES;
				CLANG_ANALYZER_NUMBER_OBJECT_CONVERSION = YES_AGGRESSIVE;
				CLANG_CXX_LANGUAGE_STANDARD = "gnu++14";
				CLANG_CXX_LIBRARY = "libc++";
				CLANG_ENABLE_MODULES = YES;
				CLANG_ENABLE_OBJC_ARC = YES;
				CLANG_ENABLE_OBJC_WEAK = YES;
				CLANG_WARN_BLOCK_CAPTURE_AUTORELEASING = YES;
				CLANG_WARN_BOOL_CONVERSION = YES;
				CLANG_WARN_COMMA = YES;
				CLANG_WARN_CONSTANT_CONVERSION = YES;
				CLANG_WARN_DEPRECATED_OBJC_IMPLEMENTATIONS = YES;
				CLANG_WARN_DIRECT_OBJC_ISA_USAGE = YES_ERROR;
				CLANG_WARN_DOCUMENTATION_COMMENTS = YES;
				CLANG_WARN_EMPTY_BODY = YES;
				CLANG_WARN_ENUM_CONVERSION = YES;
				CLANG_WARN_INFINITE_RECURSION = YES;
				CLANG_WARN_INT_CONVERSION = YES;
				CLANG_WARN_NON_LITERAL_NULL_CONVERSION = YES;
				CLANG_WARN_OBJC_IMPLICIT_RETAIN_SELF = YES;
				CLANG_WARN_OBJC_LITERAL_CONVERSION = YES;
				CLANG_WARN_OBJC_ROOT_CLASS = YES_ERROR;
				CLANG_WARN_RANGE_LOOP_ANALYSIS = YES;
				CLANG_WARN_STRICT_PROTOTYPES = YES;
				CLANG_WARN_SUSPICIOUS_MOVE = YES;
				CLANG_WARN_UNGUARDED_AVAILABILITY = YES_AGGRESSIVE;
				CLANG_WARN_UNREACHABLE_CODE = YES;
				CLANG_WARN__DUPLICATE_METHOD_MATCH = YES;
				COPY_PHASE_STRIP = NO;
				DEBUG_INFORMATION_FORMAT = dwarf;
				ENABLE_STRICT_OBJC_MSGSEND = YES;
				ENABLE_TESTABILITY = YES;
				GCC_C_LANGUAGE_STANDARD = gnu11;
				GCC_DYNAMIC_NO_PIC = NO;
				GCC_NO_COMMON_BLOCKS = YES;
				GCC_OPTIMIZATION_LEVEL = 0;
				GCC_PREPROCESSOR_DEFINITIONS = (
					"DEBUG=1",
					"$(inherited)",
				);
				GCC_WARN_64_TO_32_BIT_CONVERSION = YES;
				GCC_WARN_ABOUT_RETURN_TYPE = YES_ERROR;
				GCC_WARN_UNDECLARED_SELECTOR = YES;
				GCC_WARN_UNINITIALIZED_AUTOS = YES_AGGRESSIVE;
				GCC_WARN_UNUSED_FUNCTION = YES;
				GCC_WARN_UNUSED_VARIABLE = YES;
				IPHONEOS_DEPLOYMENT_TARGET = 13.1;
				MTL_ENABLE_DEBUG_INFO = INCLUDE_SOURCE;
				MTL_FAST_MATH = YES;
				ONLY_ACTIVE_ARCH = YES;
				SDKROOT = iphoneos;
				SWIFT_ACTIVE_COMPILATION_CONDITIONS = DEBUG;
				SWIFT_OPTIMIZATION_LEVEL = "-Onone";
			};
			name = Debug;
		};
		CBD5ECE1236E5C2300D24116 /* Release */ = {
			isa = XCBuildConfiguration;
			buildSettings = {
				ALWAYS_SEARCH_USER_PATHS = NO;
				CLANG_ANALYZER_NONNULL = YES;
				CLANG_ANALYZER_NUMBER_OBJECT_CONVERSION = YES_AGGRESSIVE;
				CLANG_CXX_LANGUAGE_STANDARD = "gnu++14";
				CLANG_CXX_LIBRARY = "libc++";
				CLANG_ENABLE_MODULES = YES;
				CLANG_ENABLE_OBJC_ARC = YES;
				CLANG_ENABLE_OBJC_WEAK = YES;
				CLANG_WARN_BLOCK_CAPTURE_AUTORELEASING = YES;
				CLANG_WARN_BOOL_CONVERSION = YES;
				CLANG_WARN_COMMA = YES;
				CLANG_WARN_CONSTANT_CONVERSION = YES;
				CLANG_WARN_DEPRECATED_OBJC_IMPLEMENTATIONS = YES;
				CLANG_WARN_DIRECT_OBJC_ISA_USAGE = YES_ERROR;
				CLANG_WARN_DOCUMENTATION_COMMENTS = YES;
				CLANG_WARN_EMPTY_BODY = YES;
				CLANG_WARN_ENUM_CONVERSION = YES;
				CLANG_WARN_INFINITE_RECURSION = YES;
				CLANG_WARN_INT_CONVERSION = YES;
				CLANG_WARN_NON_LITERAL_NULL_CONVERSION = YES;
				CLANG_WARN_OBJC_IMPLICIT_RETAIN_SELF = YES;
				CLANG_WARN_OBJC_LITERAL_CONVERSION = YES;
				CLANG_WARN_OBJC_ROOT_CLASS = YES_ERROR;
				CLANG_WARN_RANGE_LOOP_ANALYSIS = YES;
				CLANG_WARN_STRICT_PROTOTYPES = YES;
				CLANG_WARN_SUSPICIOUS_MOVE = YES;
				CLANG_WARN_UNGUARDED_AVAILABILITY = YES_AGGRESSIVE;
				CLANG_WARN_UNREACHABLE_CODE = YES;
				CLANG_WARN__DUPLICATE_METHOD_MATCH = YES;
				COPY_PHASE_STRIP = NO;
				DEBUG_INFORMATION_FORMAT = "dwarf-with-dsym";
				ENABLE_NS_ASSERTIONS = NO;
				ENABLE_STRICT_OBJC_MSGSEND = YES;
				GCC_C_LANGUAGE_STANDARD = gnu11;
				GCC_NO_COMMON_BLOCKS = YES;
				GCC_WARN_64_TO_32_BIT_CONVERSION = YES;
				GCC_WARN_ABOUT_RETURN_TYPE = YES_ERROR;
				GCC_WARN_UNDECLARED_SELECTOR = YES;
				GCC_WARN_UNINITIALIZED_AUTOS = YES_AGGRESSIVE;
				GCC_WARN_UNUSED_FUNCTION = YES;
				GCC_WARN_UNUSED_VARIABLE = YES;
				IPHONEOS_DEPLOYMENT_TARGET = 13.1;
				MTL_ENABLE_DEBUG_INFO = NO;
				MTL_FAST_MATH = YES;
				SDKROOT = iphoneos;
				SWIFT_COMPILATION_MODE = wholemodule;
				SWIFT_OPTIMIZATION_LEVEL = "-O";
				VALIDATE_PRODUCT = YES;
			};
			name = Release;
		};
		CBD5ECE3236E5C2300D24116 /* Debug */ = {
			isa = XCBuildConfiguration;
			baseConfigurationReference = 8C884FD4336E37FFAD963EC1 /* Pods-Messenger.debug.xcconfig */;
			buildSettings = {
				ASSETCATALOG_COMPILER_APPICON_NAME = AppIcon;
				CODE_SIGN_STYLE = Automatic;
				DEVELOPMENT_TEAM = X55KGS25BS;
				INFOPLIST_FILE = Messenger/Info.plist;
				IPHONEOS_DEPLOYMENT_TARGET = 13.1;
				LD_RUNPATH_SEARCH_PATHS = (
					"$(inherited)",
					"@executable_path/Frameworks",
				);
				PRODUCT_BUNDLE_IDENTIFIER = com.VitaliyPaliy.Messenger;
				PRODUCT_NAME = "$(TARGET_NAME)";
				SWIFT_VERSION = 5.0;
				TARGETED_DEVICE_FAMILY = "1,2";
			};
			name = Debug;
		};
		CBD5ECE4236E5C2300D24116 /* Release */ = {
			isa = XCBuildConfiguration;
			baseConfigurationReference = 041670A7C2C138598A21749C /* Pods-Messenger.release.xcconfig */;
			buildSettings = {
				ASSETCATALOG_COMPILER_APPICON_NAME = AppIcon;
				CODE_SIGN_STYLE = Automatic;
				DEVELOPMENT_TEAM = X55KGS25BS;
				INFOPLIST_FILE = Messenger/Info.plist;
				IPHONEOS_DEPLOYMENT_TARGET = 13.1;
				LD_RUNPATH_SEARCH_PATHS = (
					"$(inherited)",
					"@executable_path/Frameworks",
				);
				PRODUCT_BUNDLE_IDENTIFIER = com.VitaliyPaliy.Messenger;
				PRODUCT_NAME = "$(TARGET_NAME)";
				SWIFT_VERSION = 5.0;
				TARGETED_DEVICE_FAMILY = "1,2";
			};
			name = Release;
		};
/* End XCBuildConfiguration section */

/* Begin XCConfigurationList section */
		CBD5ECC9236E5C2200D24116 /* Build configuration list for PBXProject "Messenger" */ = {
			isa = XCConfigurationList;
			buildConfigurations = (
				CBD5ECE0236E5C2300D24116 /* Debug */,
				CBD5ECE1236E5C2300D24116 /* Release */,
			);
			defaultConfigurationIsVisible = 0;
			defaultConfigurationName = Release;
		};
		CBD5ECE2236E5C2300D24116 /* Build configuration list for PBXNativeTarget "Messenger" */ = {
			isa = XCConfigurationList;
			buildConfigurations = (
				CBD5ECE3236E5C2300D24116 /* Debug */,
				CBD5ECE4236E5C2300D24116 /* Release */,
			);
			defaultConfigurationIsVisible = 0;
			defaultConfigurationName = Release;
		};
/* End XCConfigurationList section */
	};
	rootObject = CBD5ECC6236E5C2200D24116 /* Project object */;
}
